
Microsoft Visual Studio Solution File, Format Version 12.00
# Visual Studio Version 16
VisualStudioVersion = 16.0.31205.134
MinimumVisualStudioVersion = 10.0.40219.1
Project("{FAE04EC0-301F-11D3-BF4B-00C04F79EFBC}") = "TestAppMVC", "TestAppMVC\TestAppMVC.csproj", "{69D0113B-3626-4082-99E7-99CDB969DA1F}"
EndProject
Global
	GlobalSection(SolutionConfigurationPlatforms) = preSolution
		Debug|Any CPU = Debug|Any CPU
		Release|Any CPU = Release|Any CPU
	EndGlobalSection
	GlobalSection(ProjectConfigurationPlatforms) = postSolution
		{69D0113B-3626-4082-99E7-99CDB969DA1F}.Debug|Any CPU.ActiveCfg = Debug|Any CPU
		{69D0113B-3626-4082-99E7-99CDB969DA1F}.Debug|Any CPU.Build.0 = Debug|Any CPU
		{69D0113B-3626-4082-99E7-99CDB969DA1F}.Release|Any CPU.ActiveCfg = Release|Any CPU
		{69D0113B-3626-4082-99E7-99CDB969DA1F}.Release|Any CPU.Build.0 = Release|Any CPU
	EndGlobalSection
	GlobalSection(SolutionProperties) = preSolution
		HideSolutionNode = FALSE
	EndGlobalSection
	GlobalSection(ExtensibilityGlobals) = postSolution
		SolutionGuid = {8807422E-0C34-4A85-95C9-7F2041CD0681}
	EndGlobalSection
EndGlobal
